
Microsoft Visual Studio Solution File, Format Version 12.00
# Visual Studio Version 17
VisualStudioVersion = 17.6.33815.320
MinimumVisualStudioVersion = 10.0.40219.1
Project("{FAE04EC0-301F-11D3-BF4B-00C04F79EFBC}") = "Test4", "Test4\Test4.csproj", "{2A006ADE-0012-45B6-816C-5A05154F54F4}"
EndProject
Global
	GlobalSection(SolutionConfigurationPlatforms) = preSolution
		Debug|Any CPU = Debug|Any CPU
		Release|Any CPU = Release|Any CPU
	EndGlobalSection
	GlobalSection(ProjectConfigurationPlatforms) = postSolution
		{2A006ADE-0012-45B6-816C-5A05154F54F4}.Debug|Any CPU.ActiveCfg = Debug|Any CPU
		{2A006ADE-0012-45B6-816C-5A05154F54F4}.Debug|Any CPU.Build.0 = Debug|Any CPU
		{2A006ADE-0012-45B6-816C-5A05154F54F4}.Release|Any CPU.ActiveCfg = Release|Any CPU
		{2A006ADE-0012-45B6-816C-5A05154F54F4}.Release|Any CPU.Build.0 = Release|Any CPU
	EndGlobalSection
	GlobalSection(SolutionProperties) = preSolution
		HideSolutionNode = FALSE
	EndGlobalSection
	GlobalSection(ExtensibilityGlobals) = postSolution
		SolutionGuid = {DD735EDD-2FD4-483E-AEC9-26463D0A4431}
	EndGlobalSection
EndGlobal
